
Microsoft Visual Studio Solution File, Format Version 12.00
# Visual Studio 15
VisualStudioVersion = 15.0.26730.8
MinimumVisualStudioVersion = 10.0.40219.1
Project("{8BC9CEB8-8B4A-11D0-8D11-00A0C91BC942}") = "Template Programming", "Template Programming\Template Programming.vcxproj", "{810C7991-68AE-4C0D-9AA6-B621EFA93197}"
EndProject
Global
	GlobalSection(SolutionConfigurationPlatforms) = preSolution
		Debug|x64 = Debug|x64
		Debug|x86 = Debug|x86
		Release|x64 = Release|x64
		Release|x86 = Release|x86
	EndGlobalSection
	GlobalSection(ProjectConfigurationPlatforms) = postSolution
		{810C7991-68AE-4C0D-9AA6-B621EFA93197}.Debug|x64.ActiveCfg = Debug|x64
		{810C7991-68AE-4C0D-9AA6-B621EFA93197}.Debug|x64.Build.0 = Debug|x64
		{810C7991-68AE-4C0D-9AA6-B621EFA93197}.Debug|x86.ActiveCfg = Debug|Win32
		{810C7991-68AE-4C0D-9AA6-B621EFA93197}.Debug|x86.Build.0 = Debug|Win32
		{810C7991-68AE-4C0D-9AA6-B621EFA93197}.Release|x64.ActiveCfg = Release|x64
		{810C7991-68AE-4C0D-9AA6-B621EFA93197}.Release|x64.Build.0 = Release|x64
		{810C7991-68AE-4C0D-9AA6-B621EFA93197}.Release|x86.ActiveCfg = Release|Win32
		{810C7991-68AE-4C0D-9AA6-B621EFA93197}.Release|x86.Build.0 = Release|Win32
	EndGlobalSection
	GlobalSection(SolutionProperties) = preSolution
		HideSolutionNode = FALSE
	EndGlobalSection
	GlobalSection(ExtensibilityGlobals) = postSolution
		SolutionGuid = {68E6834A-1EA0-404E-B948-9ACC2720731E}
	EndGlobalSection
EndGlobal
